
Microsoft Visual Studio Solution File, Format Version 12.00
# Visual Studio 2013
VisualStudioVersion = 12.0.31101.0
MinimumVisualStudioVersion = 10.0.40219.1
Project("{FAE04EC0-301F-11D3-BF4B-00C04F79EFBC}") = "LCS.Core.Domain", "LCS.Core.Domain\LCS.Core.Domain.csproj", "{8EFBA1DB-9830-48CD-8F9D-0747E51EB4C9}"
EndProject
Project("{FAE04EC0-301F-11D3-BF4B-00C04F79EFBC}") = "LCS.Test.UnitTests", "LCS.Test.UnitTests\LCS.Test.UnitTests.csproj", "{C60C6435-A4F6-408F-9937-C95B232A7E68}"
EndProject
Global
	GlobalSection(SolutionConfigurationPlatforms) = preSolution
		Debug|Any CPU = Debug|Any CPU
		Release|Any CPU = Release|Any CPU
	EndGlobalSection
	GlobalSection(ProjectConfigurationPlatforms) = postSolution
		{8EFBA1DB-9830-48CD-8F9D-0747E51EB4C9}.Debug|Any CPU.ActiveCfg = Debug|Any CPU
		{8EFBA1DB-9830-48CD-8F9D-0747E51EB4C9}.Debug|Any CPU.Build.0 = Debug|Any CPU
		{8EFBA1DB-9830-48CD-8F9D-0747E51EB4C9}.Release|Any CPU.ActiveCfg = Release|Any CPU
		{8EFBA1DB-9830-48CD-8F9D-0747E51EB4C9}.Release|Any CPU.Build.0 = Release|Any CPU
		{C60C6435-A4F6-408F-9937-C95B232A7E68}.Debug|Any CPU.ActiveCfg = Debug|Any CPU
		{C60C6435-A4F6-408F-9937-C95B232A7E68}.Debug|Any CPU.Build.0 = Debug|Any CPU
		{C60C6435-A4F6-408F-9937-C95B232A7E68}.Release|Any CPU.ActiveCfg = Release|Any CPU
		{C60C6435-A4F6-408F-9937-C95B232A7E68}.Release|Any CPU.Build.0 = Release|Any CPU
	EndGlobalSection
	GlobalSection(SolutionProperties) = preSolution
		HideSolutionNode = FALSE
	EndGlobalSection
EndGlobal
